github.com/anmitsu/go-shlex v0.0.0-20200514113438-38f4b401e2be h1:9AeTilPcZAjCFIImctFaOjnTIavg87rW78vTPkQqLI8=
github.com/anmitsu/go-shlex v0.0.0-20200514113438-38f4b401e2be/go.mod h1:ySMOLuWl6zY27l47sB3qLNK6tF2fkHG55UZxx8oIVo4=
github.com/charmbracelet/x/errors v0.0.0-20240117030013-d31dba354651 h1:3RXpZWGWTOeVXCTv0Dnzxdv/MhNUkBfEcbaTY0zrTQI=
github.com/charmbracelet/x/errors v0.0.0-20240117030013-d31dba354651/go.mod h1:2P0UgXMEa6TsToMSuFqKFQR+fZTO9CNGUNokkPatT/0=
github.com/charmbracelet/x/exp/term v0.0.0-20240130180102-bafe6fbaee60 h1:IV19YKUZVf6ATrhiPSCirZ4Bs7EsenYwOWcUHngV+q0=
github.com/charmbracelet/x/exp/term v0.0.0-20240130180102-bafe6fbaee60/go.mod h1:kOOxxyxgAFQVcR5yQJWTuLjzt5dR2pcgwy3WaLEudjE=
github.com/creack/pty v1.1.21 h1:1/QdRyBaHHJP61QkWMXlOIBfsgdDeeKfK8SYVUWJKf0=
github.com/creack/pty v1.1.21/go.mod h1:MOBLtS5ELjhRRrroQr9kyvTxUAFNvYEK993ew/Vr4O4=
github.com/hugelgupf/vmtest v0.0.0-20240102225328-693afabdd27f h1:ov45/OzrJG8EKbGjn7jJZQJTN7Z1t73sFYNIRd64YlI=
github.com/hugelgupf/vmtest v0.0.0-20240102225328-693afabdd27f/go.mod h1:JoDrYMZpDPYo6uH9/f6Peqms3zNNWT2XiGgioMOIGuI=
github.com/u-root/gobusybox/src v0.0.0-20231228173702-b69f654846aa h1:unMPGGK/CRzfg923allsikmvk2l7beBeFPUNC4RVX/8=
github.com/u-root/gobusybox/src v0.0.0-20231228173702-b69f654846aa/go.mod h1:Zj4Tt22fJVn/nz/y6Ergm1SahR9dio1Zm/D2/S0TmXM=
github.com/u-root/u-root v0.12.0 h1:K0AuBFriwr0w/PGS3HawiAw89e3+MU7ks80GpghAsNs=
github.com/u-root/u-root v0.12.0/go.mod h1:FYjTOh4IkIZHhjsd17lb8nYW6udgXdJhG1c0r6u0arI=
golang.org/x/crypto v0.17.0 h1:r8bRNjWL3GshPW3gkd+RpvzWrZAwPS49OmTGZ/uhM4k=
golang.org/x/crypto v0.17.0/go.mod h1:gCAAfMLgwOJRpTjQ2zCCt2OcSfYMTeZVSRtQlPC7Nq4=
golang.org/x/mod v0.14.0 h1:dGoOF9QVLYng8IHTm7BAyWqCqSheQ5pYWGhzW00YJr0=
golang.org/x/mod v0.14.0/go.mod h1:hTbmBsO62+eylJbnUtE2MGJUyE7QWk4xUqPFrRgJ+7c=
golang.org/x/sys v0.16.0 h1:xWw16ngr6ZMtmxDyKyIgsE93KNKz5HKmMa3b8ALHidU=
golang.org/x/sys v0.16.0/go.mod h1:/VUhepiaJMQUp4+oa/7Zr1D23ma6VTLIYjOOTFZPUcA=
golang.org/x/term v0.15.0 h1:y/Oo/a/q3IXu26lQgl04j/gjuBDOBlx7X6Om1j2CPW4=
golang.org/x/term v0.15.0/go.mod h1:BDl952bC7+uMoWR75FIrCDx79TPU9oHkTZ9yRbYOrX0=
golang.org/x/tools v0.16.1 h1:TLyB3WofjdOEepBHAU20JdNC1Zbg87elYofWYAY5oZA=
golang.org/x/tools v0.16.1/go.mod h1:kYVVN6I1mBNoB1OX+noeBjbRk4IUEPa7JJ+TJMEooJ0=
